
Microsoft Visual Studio Solution File, Format Version 12.00
# Visual Studio 15
VisualStudioVersion = 15.0.27428.2005
MinimumVisualStudioVersion = 10.0.40219.1
Project("{9A19103F-16F7-4668-BE54-9A1E7A4F7556}") = "Metrics_Track", "Metrics_Track\Metrics_Track.csproj", "{4E13B560-60D7-4E45-B7EE-372AD401104E}"
EndProject
Project("{9A19103F-16F7-4668-BE54-9A1E7A4F7556}") = "Metrics_Track.Data", "Metrics_Tracker.Data\Metrics_Track.Data.csproj", "{89E1F063-93EE-4E50-8FAA-38793DB5E92B}"
EndProject
Project("{9A19103F-16F7-4668-BE54-9A1E7A4F7556}") = "Metrics_Track.Services", "Metrics_Track.Services\Metrics_Track.Services.csproj", "{66C9DF63-5C67-4167-95AF-03D1FBDF5E18}"
EndProject
Project("{9A19103F-16F7-4668-BE54-9A1E7A4F7556}") = "Metrics_Track.Common", "Metrics_Track.Common\Metrics_Track.Common.csproj", "{C68F5726-4263-47B5-ACAA-40034974AF87}"
EndProject
Global
	GlobalSection(SolutionConfigurationPlatforms) = preSolution
		Debug|Any CPU = Debug|Any CPU
		Release|Any CPU = Release|Any CPU
	EndGlobalSection
	GlobalSection(ProjectConfigurationPlatforms) = postSolution
		{4E13B560-60D7-4E45-B7EE-372AD401104E}.Debug|Any CPU.ActiveCfg = Debug|Any CPU
		{4E13B560-60D7-4E45-B7EE-372AD401104E}.Debug|Any CPU.Build.0 = Debug|Any CPU
		{4E13B560-60D7-4E45-B7EE-372AD401104E}.Release|Any CPU.ActiveCfg = Release|Any CPU
		{4E13B560-60D7-4E45-B7EE-372AD401104E}.Release|Any CPU.Build.0 = Release|Any CPU
		{89E1F063-93EE-4E50-8FAA-38793DB5E92B}.Debug|Any CPU.ActiveCfg = Debug|Any CPU
		{89E1F063-93EE-4E50-8FAA-38793DB5E92B}.Debug|Any CPU.Build.0 = Debug|Any CPU
		{89E1F063-93EE-4E50-8FAA-38793DB5E92B}.Release|Any CPU.ActiveCfg = Release|Any CPU
		{89E1F063-93EE-4E50-8FAA-38793DB5E92B}.Release|Any CPU.Build.0 = Release|Any CPU
		{66C9DF63-5C67-4167-95AF-03D1FBDF5E18}.Debug|Any CPU.ActiveCfg = Debug|Any CPU
		{66C9DF63-5C67-4167-95AF-03D1FBDF5E18}.Debug|Any CPU.Build.0 = Debug|Any CPU
		{66C9DF63-5C67-4167-95AF-03D1FBDF5E18}.Release|Any CPU.ActiveCfg = Release|Any CPU
		{66C9DF63-5C67-4167-95AF-03D1FBDF5E18}.Release|Any CPU.Build.0 = Release|Any CPU
		{C68F5726-4263-47B5-ACAA-40034974AF87}.Debug|Any CPU.ActiveCfg = Debug|Any CPU
		{C68F5726-4263-47B5-ACAA-40034974AF87}.Debug|Any CPU.Build.0 = Debug|Any CPU
		{C68F5726-4263-47B5-ACAA-40034974AF87}.Release|Any CPU.ActiveCfg = Release|Any CPU
		{C68F5726-4263-47B5-ACAA-40034974AF87}.Release|Any CPU.Build.0 = Release|Any CPU
	EndGlobalSection
	GlobalSection(SolutionProperties) = preSolution
		HideSolutionNode = FALSE
	EndGlobalSection
	GlobalSection(ExtensibilityGlobals) = postSolution
		SolutionGuid = {5C272758-9A3E-4F25-AABF-89C98654ED7B}
	EndGlobalSection
EndGlobal
